{
  "name": "koa-ts",
  "version": "1.0.0",
  "lockfileVersion": 1,
  "requires": true,
  "dependencies": {
    "@babel/runtime": {
      "version": "7.12.5",
      "resolved": "http://nexus.wdf.sap.corp:8081/nexus/repository/build.milestones.npm/@babel/runtime/-/runtime-7.12.5.tgz",
      "integrity": "sha512-plcc+hbExy3McchJCEQG3knOsuh3HH+Prx1P6cLIkET/0dLuQDEnrT+s27Axgc9bqfsmNUNHfscgMUdBpC9xfg==",
      "requires": {
        "regenerator-runtime": "^0.13.4"
      }
    },
    "@hapi/boom": {
      "version": "9.1.0",
      "resolved": "http://nexus.wdf.sap.corp:8081/nexus/repository/build.milestones.npm/@hapi/boom/-/boom-9.1.0.tgz",
      "integrity": "sha512-4nZmpp4tXbm162LaZT45P7F7sgiem8dwAh2vHWT6XX24dozNjGMg6BvKCRvtCUcmcXqeMIUqWN8Rc5X8yKuROQ==",
      "requires": {
        "@hapi/hoek": "9.x.x"
      }
    },
    "@hapi/bourne": {
      "version": "2.0.0",
      "resolved": "http://nexus.wdf.sap.corp:8081/nexus/repository/build.milestones.npm/@hapi/bourne/-/bourne-2.0.0.tgz",
      "integrity": "sha512-WEezM1FWztfbzqIUbsDzFRVMxSoLy3HugVcux6KDDtTqzPsLE8NDRHfXvev66aH1i2oOKKar3/XDjbvh/OUBdg=="
    },
    "@hapi/hoek": {
      "version": "9.1.0",
      "resolved": "http://nexus.wdf.sap.corp:8081/nexus/repository/build.milestones.npm/@hapi/hoek/-/hoek-9.1.0.tgz",
      "integrity": "sha512-i9YbZPN3QgfighY/1X1Pu118VUz2Fmmhd6b2n0/O8YVgGGfw0FbUYoA97k7FkpGJ+pLCFEDLUmAPPV4D1kpeFw=="
    },
    "@hapi/topo": {
      "version": "5.0.0",
      "resolved": "http://nexus.wdf.sap.corp:8081/nexus/repository/build.milestones.npm/@hapi/topo/-/topo-5.0.0.tgz",
      "integrity": "sha512-tFJlT47db0kMqVm3H4nQYgn6Pwg10GTZHb1pwmSiv1K4ks6drQOtfEF5ZnPjkvC+y4/bUPHK+bc87QvLcL+WMw==",
      "requires": {
        "@hapi/hoek": "^9.0.0"
      }
    },
    "@hapi/wreck": {
      "version": "17.1.0",
      "resolved": "http://nexus.wdf.sap.corp:8081/nexus/repository/build.milestones.npm/@hapi/wreck/-/wreck-17.1.0.tgz",
      "integrity": "sha512-nx6sFyfqOpJ+EFrHX+XWwJAxs3ju4iHdbB/bwR8yTNZOiYmuhA8eCe7lYPtYmb4j7vyK/SlbaQsmTtUrMvPEBw==",
      "requires": {
        "@hapi/boom": "9.x.x",
        "@hapi/bourne": "2.x.x",
        "@hapi/hoek": "9.x.x"
      }
    },
    "@sideway/address": {
      "version": "4.1.0",
      "resolved": "http://nexus.wdf.sap.corp:8081/nexus/repository/build.milestones.npm/@sideway/address/-/address-4.1.0.tgz",
      "integrity": "sha512-wAH/JYRXeIFQRsxerIuLjgUu2Xszam+O5xKeatJ4oudShOOirfmsQ1D6LL54XOU2tizpCYku+s1wmU0SYdpoSA==",
      "requires": {
        "@hapi/hoek": "^9.0.0"
      }
    },
    "@sideway/formula": {
      "version": "3.0.0",
      "resolved": "http://nexus.wdf.sap.corp:8081/nexus/repository/build.milestones.npm/@sideway/formula/-/formula-3.0.0.tgz",
      "integrity": "sha512-vHe7wZ4NOXVfkoRb8T5otiENVlT7a3IAiw7H5M2+GO+9CDgcVUUsX1zalAztCmwyOr2RUTGJdgB+ZvSVqmdHmg=="
    },
    "@sideway/pinpoint": {
      "version": "2.0.0",
      "resolved": "http://nexus.wdf.sap.corp:8081/nexus/repository/build.milestones.npm/@sideway/pinpoint/-/pinpoint-2.0.0.tgz",
      "integrity": "sha512-RNiOoTPkptFtSVzQevY/yWtZwf/RxyVnPy/OcA9HBM3MlGDnBEYL5B41H0MTn0Uec8Hi+2qUtTfG2WWZBmMejQ=="
    },
    "@types/accepts": {
      "version": "1.3.5",
      "resolved": "https://registry.npm.taobao.org/@types/accepts/download/@types/accepts-1.3.5.tgz?cache=0&sync_timestamp=1605052791762&other_urls=https%3A%2F%2Fregistry.npm.taobao.org%2F%40types%2Faccepts%2Fdownload%2F%40types%2Faccepts-1.3.5.tgz",
      "integrity": "sha1-w0vsEVz8dG4E/loFnfTOfns5FXU=",
      "dev": true,
      "requires": {
        "@types/node": "*"
      }
    },
    "@types/body-parser": {
      "version": "1.19.0",
      "resolved": "https://registry.npm.taobao.org/@types/body-parser/download/@types/body-parser-1.19.0.tgz",
      "integrity": "sha1-BoWzxH6zAG/+0RfN1VFkth+AU48=",
      "dev": true,
      "requires": {
        "@types/connect": "*",
        "@types/node": "*"
      }
    },
    "@types/cls-hooked": {
      "version": "4.3.1",
      "resolved": "http://nexus.wdf.sap.corp:8081/nexus/repository/build.milestones.npm/@types/cls-hooked/-/cls-hooked-4.3.1.tgz",
      "integrity": "sha512-nMjNjQAk9vAYnDEXRUxGSACarjPDRKVaZ8xrwKzRy1BmzG5tN3JUkuvdVwE8P2GBkSRokxVw+QUpuvFzvOsKpA==",
      "dev": true,
      "requires": {
        "@types/node": "*"
      }
    },
    "@types/connect": {
      "version": "3.4.34",
      "resolved": "https://registry.npm.taobao.org/@types/connect/download/@types/connect-3.4.34.tgz?cache=0&sync_timestamp=1607458904874&other_urls=https%3A%2F%2Fregistry.npm.taobao.org%2F%40types%2Fconnect%2Fdownload%2F%40types%2Fconnect-3.4.34.tgz",
      "integrity": "sha1-FwpAIjptZmAG2TyhKK8r6x2bGQE=",
      "dev": true,
      "requires": {
        "@types/node": "*"
      }
    },
    "@types/content-disposition": {
      "version": "0.5.3",
      "resolved": "https://registry.npm.taobao.org/@types/content-disposition/download/@types/content-disposition-0.5.3.tgz?cache=0&sync_timestamp=1605052778076&other_urls=https%3A%2F%2Fregistry.npm.taobao.org%2F%40types%2Fcontent-disposition%2Fdownload%2F%40types%2Fcontent-disposition-0.5.3.tgz",
      "integrity": "sha1-CqEWcBlVwvqgcX/GnNFZYJXknZY=",
      "dev": true
    },
    "@types/cookies": {
      "version": "0.7.5",
      "resolved": "https://registry.npm.taobao.org/@types/cookies/download/@types/cookies-0.7.5.tgz",
      "integrity": "sha1-qkLJqYNHJL/+5ZcCjaUxmzjoXoQ=",
      "dev": true,
      "requires": {
        "@types/connect": "*",
        "@types/express": "*",
        "@types/keygrip": "*",
        "@types/node": "*"
      }
    },
    "@types/express": {
      "version": "4.17.9",
      "resolved": "https://registry.npm.taobao.org/@types/express/download/@types/express-4.17.9.tgz",
      "integrity": "sha1-9fLfat1wP/KEKK3VK97IoQkbCng=",
      "dev": true,
      "requires": {
        "@types/body-parser": "*",
        "@types/express-serve-static-core": "*",
        "@types/qs": "*",
        "@types/serve-static": "*"
      }
    },
    "@types/express-serve-static-core": {
      "version": "4.17.15",
      "resolved": "https://registry.npm.taobao.org/@types/express-serve-static-core/download/@types/express-serve-static-core-4.17.15.tgz?cache=0&sync_timestamp=1607464511229&other_urls=https%3A%2F%2Fregistry.npm.taobao.org%2F%40types%2Fexpress-serve-static-core%2Fdownload%2F%40types%2Fexpress-serve-static-core-4.17.15.tgz",
      "integrity": "sha1-fD03gpqZHamlB8Hv1E2XUy6JCeM=",
      "dev": true,
      "requires": {
        "@types/node": "*",
        "@types/qs": "*",
        "@types/range-parser": "*"
      }
    },
    "@types/http-assert": {
      "version": "1.5.1",
      "resolved": "https://registry.npm.taobao.org/@types/http-assert/download/@types/http-assert-1.5.1.tgz",
      "integrity": "sha1-13XpNjDCRpwvmA/CfjFDJAM12zs=",
      "dev": true
    },
    "@types/http-errors": {
      "version": "1.8.0",
      "resolved": "https://registry.npm.taobao.org/@types/http-errors/download/@types/http-errors-1.8.0.tgz",
      "integrity": "sha1-aCR327vQfNAycxyzsOfq7j0Ca2k=",
      "dev": true
    },
    "@types/keygrip": {
      "version": "1.0.2",
      "resolved": "https://registry.npm.taobao.org/@types/keygrip/download/@types/keygrip-1.0.2.tgz?cache=0&sync_timestamp=1605053947249&other_urls=https%3A%2F%2Fregistry.npm.taobao.org%2F%40types%2Fkeygrip%2Fdownload%2F%40types%2Fkeygrip-1.0.2.tgz",
      "integrity": "sha1-UTq/0lbXrQvx7hhzYGMXszsbKnI=",
      "dev": true
    },
    "@types/koa": {
      "version": "2.11.6",
      "resolved": "https://registry.npm.taobao.org/@types/koa/download/@types/koa-2.11.6.tgz?cache=0&other_urls=https%3A%2F%2Fregistry.npm.taobao.org%2F%40types%2Fkoa%2Fdownload%2F%40types%2Fkoa-2.11.6.tgz",
      "integrity": "sha1-twMMqmtEr4AcKuoTunfXSv90hNU=",
      "dev": true,
      "requires": {
        "@types/accepts": "*",
        "@types/content-disposition": "*",
        "@types/cookies": "*",
        "@types/http-assert": "*",
        "@types/http-errors": "*",
        "@types/keygrip": "*",
        "@types/koa-compose": "*",
        "@types/node": "*"
      }
    },
    "@types/koa-compose": {
      "version": "3.2.5",
      "resolved": "https://registry.npm.taobao.org/@types/koa-compose/download/@types/koa-compose-3.2.5.tgz?cache=0&other_urls=https%3A%2F%2Fregistry.npm.taobao.org%2F%40types%2Fkoa-compose%2Fdownload%2F%40types%2Fkoa-compose-3.2.5.tgz",
      "integrity": "sha1-hesugKxQvpXzfM+MQHwJu+NGjp0=",
      "dev": true,
      "requires": {
        "@types/koa": "*"
      }
    },
    "@types/koa-mount": {
      "version": "4.0.0",
      "resolved": "http://nexus.wdf.sap.corp:8081/nexus/repository/build.milestones.npm/@types/koa-mount/-/koa-mount-4.0.0.tgz",
      "integrity": "sha512-56iBULArwY3uKLl28eRFchZ2v0diEoJzJbDaHH/ehgruF/s2/KMHyWsKcIhvDJ3tGdKu9oZNQvxaMg++1IKFdA==",
      "dev": true,
      "requires": {
        "@types/koa": "*"
      }
    },
    "@types/koa-redis": {
      "version": "4.0.0",
      "resolved": "http://nexus.wdf.sap.corp:8081/nexus/repository/build.milestones.npm/@types/koa-redis/-/koa-redis-4.0.0.tgz",
      "integrity": "sha512-eY1M9FG9Sou3+qdqasjAhGTAL6prWo9T8z7N1mYnPbJ6Xe18N1OOLm6hMxfQkpTJ9qbNVsVdAGA74qXGpbwtLg==",
      "dev": true,
      "requires": {
        "@types/koa-session": "*",
        "@types/redis": "*"
      }
    },
    "@types/koa-router": {
      "version": "7.4.1",
      "resolved": "https://registry.npm.taobao.org/@types/koa-router/download/@types/koa-router-7.4.1.tgz?cache=0&other_urls=https%3A%2F%2Fregistry.npm.taobao.org%2F%40types%2Fkoa-router%2Fdownload%2F%40types%2Fkoa-router-7.4.1.tgz",
      "integrity": "sha1-NwKkyr5FWMxO7HDVV0rMBL7s/3w=",
      "dev": true,
      "requires": {
        "@types/koa": "*"
      }
    },
    "@types/koa-session": {
      "version": "5.10.3",
      "resolved": "http://nexus.wdf.sap.corp:8081/nexus/repository/build.milestones.npm/@types/koa-session/-/koa-session-5.10.3.tgz",
      "integrity": "sha512-68JIQ9enY8KVW1rSFYyepLAkRmR9KWPgS3Qstf+HHHu9TK5GRiwDBHY55eOgkhbVwsFqWszpQYX9feKDuBaQsw==",
      "dev": true,
      "requires": {
        "@types/cookies": "*",
        "@types/koa": "*"
      }
    },
    "@types/mime": {
      "version": "2.0.3",
      "resolved": "https://registry.npm.taobao.org/@types/mime/download/@types/mime-2.0.3.tgz",
      "integrity": "sha1-yJO3NyHbc2mZQ7/DZTsd63+qSjo=",
      "dev": true
    },
    "@types/node": {
      "version": "14.14.13",
      "resolved": "https://registry.npm.taobao.org/@types/node/download/@types/node-14.14.13.tgz?cache=0&sync_timestamp=1607858210632&other_urls=https%3A%2F%2Fregistry.npm.taobao.org%2F%40types%2Fnode%2Fdownload%2F%40types%2Fnode-14.14.13.tgz",
      "integrity": "sha1-nkJQeXmTIhE66Edyl65u9RuODN8=",
      "dev": true
    },
    "@types/qs": {
      "version": "6.9.5",
      "resolved": "https://registry.npm.taobao.org/@types/qs/download/@types/qs-6.9.5.tgz?cache=0&sync_timestamp=1605055106687&other_urls=https%3A%2F%2Fregistry.npm.taobao.org%2F%40types%2Fqs%2Fdownload%2F%40types%2Fqs-6.9.5.tgz",
      "integrity": "sha1-Q0cRvdSete5p2QwdZ8NUqajssYs=",
      "dev": true
    },
    "@types/range-parser": {
      "version": "1.2.3",
      "resolved": "https://registry.npm.taobao.org/@types/range-parser/download/@types/range-parser-1.2.3.tgz",
      "integrity": "sha1-fuMwunyq+5gJC+zoal7kQRWQTCw=",
      "dev": true
    },
    "@types/redis": {
      "version": "2.8.28",
      "resolved": "http://nexus.wdf.sap.corp:8081/nexus/repository/build.milestones.npm/@types/redis/-/redis-2.8.28.tgz",
      "integrity": "sha512-8l2gr2OQ969ypa7hFOeKqtFoY70XkHxISV0pAwmQ2nm6CSPb1brmTmqJCGGrekCo+pAZyWlNXr+Kvo6L/1wijA==",
      "dev": true,
      "requires": {
        "@types/node": "*"
      }
    },
    "@types/serve-static": {
      "version": "1.13.8",
      "resolved": "https://registry.npm.taobao.org/@types/serve-static/download/@types/serve-static-1.13.8.tgz?cache=0&sync_timestamp=1605657862811&other_urls=https%3A%2F%2Fregistry.npm.taobao.org%2F%40types%2Fserve-static%2Fdownload%2F%40types%2Fserve-static-1.13.8.tgz",
      "integrity": "sha1-hREp1DRDPHCCFIV0/+wmPVgwnEY=",
      "dev": true,
      "requires": {
        "@types/mime": "*",
        "@types/node": "*"
      }
    },
    "@types/simple-oauth2": {
      "version": "4.1.0",
      "resolved": "http://nexus.wdf.sap.corp:8081/nexus/repository/build.milestones.npm/@types/simple-oauth2/-/simple-oauth2-4.1.0.tgz",
      "integrity": "sha512-FkAXBdBDFU6i2Rj+N/Sr5bZO8zrMnFnSvyzWtEUXgj7jdDZ0bcgxJ134ctwZbmNvSUzS4Qvt+NvszSbw8Zq+qg==",
      "dev": true
    },
    "accepts": {
      "version": "1.3.7",
      "resolved": "https://registry.npm.taobao.org/accepts/download/accepts-1.3.7.tgz",
      "integrity": "sha1-UxvHJlF6OytB+FACHGzBXqq1B80=",
      "requires": {
        "mime-types": "~2.1.24",
        "negotiator": "0.6.2"
      }
    },
    "any-promise": {
      "version": "1.3.0",
      "resolved": "https://registry.npm.taobao.org/any-promise/download/any-promise-1.3.0.tgz",
      "integrity": "sha1-q8av7tzqUugJzcA3au0845Y10X8="
    },
    "arg": {
      "version": "4.1.3",
      "resolved": "https://registry.npm.taobao.org/arg/download/arg-4.1.3.tgz?cache=0&sync_timestamp=1605575041404&other_urls=https%3A%2F%2Fregistry.npm.taobao.org%2Farg%2Fdownload%2Farg-4.1.3.tgz",
      "integrity": "sha1-Jp/HrVuOQstjyJbVZmAXJhwUQIk=",
      "dev": true
    },
    "async-hook-jl": {
      "version": "1.7.6",
      "resolved": "http://nexus.wdf.sap.corp:8081/nexus/repository/build.milestones.npm/async-hook-jl/-/async-hook-jl-1.7.6.tgz",
      "integrity": "sha512-gFaHkFfSxTjvoxDMYqDuGHlcRyUuamF8s+ZTtJdDzqjws4mCt7v0vuV79/E2Wr2/riMQgtG4/yUtXWs1gZ7JMg==",
      "requires": {
        "stack-chain": "^1.3.7"
      }
    },
    "base64-js": {
      "version": "1.5.1",
      "resolved": "http://nexus.wdf.sap.corp:8081/nexus/repository/build.milestones.npm/base64-js/-/base64-js-1.5.1.tgz",
      "integrity": "sha512-AKpaYlHn8t4SVbOHCy+b5+KKgvR4vrsD8vbvrbiQJps7fKDTkjkDry6ji0rUJjC0kzbNePLwzxq8iypo41qeWA=="
    },
    "buffer": {
      "version": "5.7.1",
      "resolved": "http://nexus.wdf.sap.corp:8081/nexus/repository/build.milestones.npm/buffer/-/buffer-5.7.1.tgz",
      "integrity": "sha512-EHcyIPBQ4BSGlvjB16k5KgAJ27CIsHY/2JBmCRReo48y9rQ3MaUzWX3KVlBa4U7MyX02HdVj0K7C3WaB3ju7FQ==",
      "requires": {
        "base64-js": "^1.3.1",
        "ieee754": "^1.1.13"
      }
    },
    "buffer-from": {
      "version": "1.1.1",
      "resolved": "https://registry.npm.taobao.org/buffer-from/download/buffer-from-1.1.1.tgz",
      "integrity": "sha1-MnE7wCj3XAL9txDXx7zsHyxgcO8=",
      "dev": true
    },
    "cache-content-type": {
      "version": "1.0.1",
      "resolved": "https://registry.npm.taobao.org/cache-content-type/download/cache-content-type-1.0.1.tgz",
      "integrity": "sha1-A1zeKwjuISn0qDFeqPAKANuhRTw=",
      "requires": {
        "mime-types": "^2.1.18",
        "ylru": "^1.2.0"
      }
    },
    "cls-hooked": {
      "version": "4.2.2",
      "resolved": "http://nexus.wdf.sap.corp:8081/nexus/repository/build.milestones.npm/cls-hooked/-/cls-hooked-4.2.2.tgz",
      "integrity": "sha512-J4Xj5f5wq/4jAvcdgoGsL3G103BtWpZrMo8NEinRltN+xpTZdI+M38pyQqhuFU/P792xkMFvnKSf+Lm81U1bxw==",
      "requires": {
        "async-hook-jl": "^1.7.6",
        "emitter-listener": "^1.0.1",
        "semver": "^5.4.1"
      }
    },
    "cluster-key-slot": {
      "version": "1.1.0",
      "resolved": "http://nexus.wdf.sap.corp:8081/nexus/repository/build.milestones.npm/cluster-key-slot/-/cluster-key-slot-1.1.0.tgz",
      "integrity": "sha512-2Nii8p3RwAPiFwsnZvukotvow2rIHM+yQ6ZcBXGHdniadkYGZYiGmkHJIbZPIV9nfv7m/U1IPMVVcAhoWFeklw=="
    },
    "co": {
      "version": "4.6.0",
      "resolved": "https://registry.npm.taobao.org/co/download/co-4.6.0.tgz",
      "integrity": "sha1-bqa989hTrlTMuOR7+gvz+QMfsYQ="
    },
    "co-wrap-all": {
      "version": "1.0.0",
      "resolved": "http://nexus.wdf.sap.corp:8081/nexus/repository/build.milestones.npm/co-wrap-all/-/co-wrap-all-1.0.0.tgz",
      "integrity": "sha1-Nwrj6DM1EKU/ay9/375FaKEbfs8=",
      "requires": {
        "co": "^4.0.0"
      }
    },
    "content-disposition": {
      "version": "0.5.3",
      "resolved": "https://registry.npm.taobao.org/content-disposition/download/content-disposition-0.5.3.tgz",
      "integrity": "sha1-4TDK9+cnkIfFYWwgB9BIVpiYT70=",
      "requires": {
        "safe-buffer": "5.1.2"
      }
    },
    "content-type": {
      "version": "1.0.4",
      "resolved": "https://registry.npm.taobao.org/content-type/download/content-type-1.0.4.tgz",
      "integrity": "sha1-4TjMdeBAxyexlm/l5fjJruJW/js="
    },
    "cookies": {
      "version": "0.8.0",
      "resolved": "https://registry.npm.taobao.org/cookies/download/cookies-0.8.0.tgz",
      "integrity": "sha1-EpPOSzkXQKhAbjyYcOgoxLVPP5A=",
      "requires": {
        "depd": "~2.0.0",
        "keygrip": "~1.1.0"
      },
      "dependencies": {
        "depd": {
          "version": "2.0.0",
          "resolved": "https://registry.npm.taobao.org/depd/download/depd-2.0.0.tgz",
          "integrity": "sha1-tpYWPMdXVg0JzyLMj60Vcbeedt8="
        }
      }
    },
    "core-util-is": {
      "version": "1.0.2",
      "resolved": "http://nexus.wdf.sap.corp:8081/nexus/repository/build.milestones.npm/core-util-is/-/core-util-is-1.0.2.tgz",
      "integrity": "sha1-tf1UIgqivFq1eqtxQMlAdUUDwac="
    },
    "crc": {
      "version": "3.8.0",
      "resolved": "http://nexus.wdf.sap.corp:8081/nexus/repository/build.milestones.npm/crc/-/crc-3.8.0.tgz",
      "integrity": "sha512-iX3mfgcTMIq3ZKLIsVFAbv7+Mc10kxabAGQb8HvjA1o3T1PIYprbakQ65d3I+2HGHt6nSKkM9PYjgoJO2KcFBQ==",
      "requires": {
        "buffer": "^5.1.0"
      }
    },
    "create-require": {
      "version": "1.1.1",
      "resolved": "https://registry.npm.taobao.org/create-require/download/create-require-1.1.1.tgz?cache=0&sync_timestamp=1606398228714&other_urls=https%3A%2F%2Fregistry.npm.taobao.org%2Fcreate-require%2Fdownload%2Fcreate-require-1.1.1.tgz",
      "integrity": "sha1-wdfo8eX2z8n/ZfnNNS03NIdWwzM=",
      "dev": true
    },
    "debug": {
      "version": "4.3.1",
      "resolved": "http://nexus.wdf.sap.corp:8081/nexus/repository/build.milestones.npm/debug/-/debug-4.3.1.tgz",
      "integrity": "sha512-doEwdvm4PCeK4K3RQN2ZC2BYUBaxwLARCqZmMjtF8a51J2Rb0xpVloFRnCODwqjpwnAoao4pelN8l3RJdv3gRQ==",
      "requires": {
        "ms": "2.1.2"
      }
    },
    "deep-equal": {
      "version": "1.0.1",
      "resolved": "https://registry.npm.taobao.org/deep-equal/download/deep-equal-1.0.1.tgz?cache=0&sync_timestamp=1606859943631&other_urls=https%3A%2F%2Fregistry.npm.taobao.org%2Fdeep-equal%2Fdownload%2Fdeep-equal-1.0.1.tgz",
      "integrity": "sha1-9dJgKStmDghO/0zbyfCK0yR0SLU="
    },
    "delegates": {
      "version": "1.0.0",
      "resolved": "https://registry.npm.taobao.org/delegates/download/delegates-1.0.0.tgz",
      "integrity": "sha1-hMbhWbgZBP3KWaDvRM2HDTElD5o="
    },
    "denque": {
      "version": "1.4.1",
      "resolved": "http://nexus.wdf.sap.corp:8081/nexus/repository/build.milestones.npm/denque/-/denque-1.4.1.tgz",
      "integrity": "sha512-OfzPuSZKGcgr96rf1oODnfjqBFmr1DVoc/TrItj3Ohe0Ah1C5WX5Baquw/9U9KovnQ88EqmJbD66rKYUQYN1tQ=="
    },
    "depd": {
      "version": "1.1.2",
      "resolved": "https://registry.npm.taobao.org/depd/download/depd-1.1.2.tgz",
      "integrity": "sha1-m81S4UwJd2PnSbJ0xDRu0uVgtak="
    },
    "destroy": {
      "version": "1.0.4",
      "resolved": "https://registry.npm.taobao.org/destroy/download/destroy-1.0.4.tgz",
      "integrity": "sha1-l4hXRCxEdJ5CBmE+N5RiBYJqvYA="
    },
    "diff": {
      "version": "4.0.2",
      "resolved": "https://registry.npm.taobao.org/diff/download/diff-4.0.2.tgz?cache=0&other_urls=https%3A%2F%2Fregistry.npm.taobao.org%2Fdiff%2Fdownload%2Fdiff-4.0.2.tgz",
      "integrity": "sha1-YPOuy4nV+uUgwRqhnvwruYKq3n0=",
      "dev": true
    },
    "ee-first": {
      "version": "1.1.1",
      "resolved": "https://registry.npm.taobao.org/ee-first/download/ee-first-1.1.1.tgz",
      "integrity": "sha1-WQxhFWsK4vTwJVcyoViyZrxWsh0="
    },
    "emitter-listener": {
      "version": "1.1.2",
      "resolved": "http://nexus.wdf.sap.corp:8081/nexus/repository/build.milestones.npm/emitter-listener/-/emitter-listener-1.1.2.tgz",
      "integrity": "sha512-Bt1sBAGFHY9DKY+4/2cV6izcKJUf5T7/gkdmkxzX/qv9CcGH8xSwVRW5mtX03SWJtRTWSOpzCuWN9rBFYZepZQ==",
      "requires": {
        "shimmer": "^1.2.0"
      }
    },
    "encodeurl": {
      "version": "1.0.2",
      "resolved": "https://registry.npm.taobao.org/encodeurl/download/encodeurl-1.0.2.tgz",
      "integrity": "sha1-rT/0yG7C0CkyL1oCw6mmBslbP1k="
    },
    "escape-html": {
      "version": "1.0.3",
      "resolved": "https://registry.npm.taobao.org/escape-html/download/escape-html-1.0.3.tgz",
      "integrity": "sha1-Aljq5NPQwJdN4cFpGI7wBR0dGYg="
    },
    "fresh": {
      "version": "0.5.2",
      "resolved": "https://registry.npm.taobao.org/fresh/download/fresh-0.5.2.tgz",
      "integrity": "sha1-PYyt2Q2XZWn6g1qx+OSyOhBWBac="
    },
    "http-assert": {
      "version": "1.4.1",
      "resolved": "https://registry.npm.taobao.org/http-assert/download/http-assert-1.4.1.tgz",
      "integrity": "sha1-xfcl1neqfoc+9zYZm4lobM6zeHg=",
      "requires": {
        "deep-equal": "~1.0.1",
        "http-errors": "~1.7.2"
      },
      "dependencies": {
        "http-errors": {
          "version": "1.7.3",
          "resolved": "https://registry.npm.taobao.org/http-errors/download/http-errors-1.7.3.tgz",
          "integrity": "sha1-bGGeT5xgMIw4UZSYwU+7EKrOuwY=",
          "requires": {
            "depd": "~1.1.2",
            "inherits": "2.0.4",
            "setprototypeof": "1.1.1",
            "statuses": ">= 1.5.0 < 2",
            "toidentifier": "1.0.0"
          }
        }
      }
    },
    "http-errors": {
      "version": "1.8.0",
      "resolved": "https://registry.npm.taobao.org/http-errors/download/http-errors-1.8.0.tgz",
      "integrity": "sha1-ddG75JfhBE9R5O6ecEpi8o0zZQc=",
      "requires": {
        "depd": "~1.1.2",
        "inherits": "2.0.4",
        "setprototypeof": "1.2.0",
        "statuses": ">= 1.5.0 < 2",
        "toidentifier": "1.0.0"
      },
      "dependencies": {
        "setprototypeof": {
          "version": "1.2.0",
          "resolved": "https://registry.npm.taobao.org/setprototypeof/download/setprototypeof-1.2.0.tgz",
          "integrity": "sha1-ZsmiSnP5/CjL5msJ/tPTPcrxtCQ="
        }
      }
    },
    "ieee754": {
      "version": "1.2.1",
      "resolved": "http://nexus.wdf.sap.corp:8081/nexus/repository/build.milestones.npm/ieee754/-/ieee754-1.2.1.tgz",
      "integrity": "sha512-dcyqhDvX1C46lXZcVqCpK+FtMRQVdIMN6/Df5js2zouUsqG7I6sFxitIC+7KYK29KdXOLHdu9zL4sFnoVQnqaA=="
    },
    "inherits": {
      "version": "2.0.4",
      "resolved": "https://registry.npm.taobao.org/inherits/download/inherits-2.0.4.tgz",
      "integrity": "sha1-D6LGT5MpF8NDOg3tVTY6rjdBa3w="
    },
    "ioredis": {
      "version": "4.19.4",
      "resolved": "http://nexus.wdf.sap.corp:8081/nexus/repository/build.milestones.npm/ioredis/-/ioredis-4.19.4.tgz",
      "integrity": "sha512-3haQWw9dpEjcfVcRktXlayVNrrqvvc2io7Q/uiV2UsYw8/HC2YwwJr78Wql7zu5bzwci0x9bZYA69U7KkevAvw==",
      "requires": {
        "cluster-key-slot": "^1.1.0",
        "debug": "^4.1.1",
        "denque": "^1.1.0",
        "lodash.defaults": "^4.2.0",
        "lodash.flatten": "^4.4.0",
        "p-map": "^2.1.0",
        "redis-commands": "1.6.0",
        "redis-errors": "^1.2.0",
        "redis-parser": "^3.0.0",
        "standard-as-callback": "^2.0.1"
      }
    },
    "is-class-hotfix": {
      "version": "0.0.6",
      "resolved": "http://nexus.wdf.sap.corp:8081/nexus/repository/build.milestones.npm/is-class-hotfix/-/is-class-hotfix-0.0.6.tgz",
      "integrity": "sha512-0n+pzCC6ICtVr/WXnN2f03TK/3BfXY7me4cjCAqT8TYXEl0+JBRoqBo94JJHXcyDSLUeWbNX8Fvy5g5RJdAstQ=="
    },
    "is-generator-function": {
      "version": "1.0.8",
      "resolved": "https://registry.npm.taobao.org/is-generator-function/download/is-generator-function-1.0.8.tgz?cache=0&sync_timestamp=1606926721224&other_urls=https%3A%2F%2Fregistry.npm.taobao.org%2Fis-generator-function%2Fdownload%2Fis-generator-function-1.0.8.tgz",
      "integrity": "sha1-37XCsSDgKwqNnSxoBs1WIaqSL3s="
    },
    "is-type-of": {
      "version": "1.2.1",
      "resolved": "http://nexus.wdf.sap.corp:8081/nexus/repository/build.milestones.npm/is-type-of/-/is-type-of-1.2.1.tgz",
      "integrity": "sha512-uK0kyX9LZYhSDS7H2sVJQJop1UnWPWmo5RvR3q2kFH6AUHYs7sOrVg0b4nyBHw29kRRNFofYN/JbHZDlHiItTA==",
      "requires": {
        "core-util-is": "^1.0.2",
        "is-class-hotfix": "~0.0.6",
        "isstream": "~0.1.2"
      }
    },
    "isstream": {
      "version": "0.1.2",
      "resolved": "http://nexus.wdf.sap.corp:8081/nexus/repository/build.milestones.npm/isstream/-/isstream-0.1.2.tgz",
      "integrity": "sha1-R+Y/evVa+m+S4VAOaQ64uFKcCZo="
    },
    "joi": {
      "version": "17.3.0",
      "resolved": "http://nexus.wdf.sap.corp:8081/nexus/repository/build.milestones.npm/joi/-/joi-17.3.0.tgz",
      "integrity": "sha512-Qh5gdU6niuYbUIUV5ejbsMiiFmBdw8Kcp8Buj2JntszCkCfxJ9Cz76OtHxOZMPXrt5810iDIXs+n1nNVoquHgg==",
      "requires": {
        "@hapi/hoek": "^9.0.0",
        "@hapi/topo": "^5.0.0",
        "@sideway/address": "^4.1.0",
        "@sideway/formula": "^3.0.0",
        "@sideway/pinpoint": "^2.0.0"
      }
    },
    "keygrip": {
      "version": "1.1.0",
      "resolved": "https://registry.npm.taobao.org/keygrip/download/keygrip-1.1.0.tgz",
      "integrity": "sha1-hxsWgdXhWcYqRFsMdLYV4JF+ciY=",
      "requires": {
        "tsscmp": "1.0.6"
      }
    },
    "koa": {
      "version": "2.13.0",
      "resolved": "https://registry.npm.taobao.org/koa/download/koa-2.13.0.tgz",
      "integrity": "sha1-JSF+Be/TNYp+Xd7ADwo4DJtxtQE=",
      "requires": {
        "accepts": "^1.3.5",
        "cache-content-type": "^1.0.0",
        "content-disposition": "~0.5.2",
        "content-type": "^1.0.4",
        "cookies": "~0.8.0",
        "debug": "~3.1.0",
        "delegates": "^1.0.0",
        "depd": "^1.1.2",
        "destroy": "^1.0.4",
        "encodeurl": "^1.0.2",
        "escape-html": "^1.0.3",
        "fresh": "~0.5.2",
        "http-assert": "^1.3.0",
        "http-errors": "^1.6.3",
        "is-generator-function": "^1.0.7",
        "koa-compose": "^4.1.0",
        "koa-convert": "^1.2.0",
        "on-finished": "^2.3.0",
        "only": "~0.0.2",
        "parseurl": "^1.3.2",
        "statuses": "^1.5.0",
        "type-is": "^1.6.16",
        "vary": "^1.1.2"
      },
      "dependencies": {
        "debug": {
          "version": "3.1.0",
          "resolved": "http://nexus.wdf.sap.corp:8081/nexus/repository/build.milestones.npm/debug/-/debug-3.1.0.tgz",
          "integrity": "sha512-OX8XqP7/1a9cqkxYw2yXss15f26NKWBpDXQd0/uK/KPqdQhxbPa994hnzjcE2VqQpDslf55723cKPUOGSmMY3g==",
          "requires": {
            "ms": "2.0.0"
          }
        },
        "ms": {
          "version": "2.0.0",
          "resolved": "http://nexus.wdf.sap.corp:8081/nexus/repository/build.milestones.npm/ms/-/ms-2.0.0.tgz",
          "integrity": "sha1-VgiurfwAvmwpAd9fmGF4jeDVl8g="
        }
      }
    },
    "koa-compose": {
      "version": "4.1.0",
      "resolved": "https://registry.npm.taobao.org/koa-compose/download/koa-compose-4.1.0.tgz",
      "integrity": "sha1-UHMGuTcZAdtBEhyBLpI9DWfT6Hc="
    },
    "koa-convert": {
      "version": "1.2.0",
      "resolved": "https://registry.npm.taobao.org/koa-convert/download/koa-convert-1.2.0.tgz",
      "integrity": "sha1-2kCHXfSd4FOQmNFwC1CCDOvNIdA=",
      "requires": {
        "co": "^4.6.0",
        "koa-compose": "^3.0.0"
      },
      "dependencies": {
        "koa-compose": {
          "version": "3.2.1",
          "resolved": "https://registry.npm.taobao.org/koa-compose/download/koa-compose-3.2.1.tgz",
          "integrity": "sha1-qFzLQLfZhtjlo0Wzoazo6rz1Tec=",
          "requires": {
            "any-promise": "^1.1.0"
          }
        }
      }
    },
    "koa-mount": {
      "version": "4.0.0",
      "resolved": "http://nexus.wdf.sap.corp:8081/nexus/repository/build.milestones.npm/koa-mount/-/koa-mount-4.0.0.tgz",
      "integrity": "sha512-rm71jaA/P+6HeCpoRhmCv8KVBIi0tfGuO/dMKicbQnQW/YJntJ6MnnspkodoA4QstMVEZArsCphmd0bJEtoMjQ==",
      "requires": {
        "debug": "^4.0.1",
        "koa-compose": "^4.1.0"
      },
      "dependencies": {
        "debug": {
          "version": "4.3.1",
          "resolved": "http://nexus.wdf.sap.corp:8081/nexus/repository/build.milestones.npm/debug/-/debug-4.3.1.tgz",
          "integrity": "sha512-doEwdvm4PCeK4K3RQN2ZC2BYUBaxwLARCqZmMjtF8a51J2Rb0xpVloFRnCODwqjpwnAoao4pelN8l3RJdv3gRQ==",
          "requires": {
            "ms": "2.1.2"
          }
        },
        "ms": {
          "version": "2.1.2",
          "resolved": "http://nexus.wdf.sap.corp:8081/nexus/repository/build.milestones.npm/ms/-/ms-2.1.2.tgz",
          "integrity": "sha512-sGkPx+VjMtmA6MX27oA4FBFELFCZZ4S4XqeGOXCv68tT+jb3vk/RyaKWP0PTKyWtmLSM0b+adUTEvbs1PEaH2w=="
        }
      }
    },
    "koa-redis": {
      "version": "4.0.1",
      "resolved": "http://nexus.wdf.sap.corp:8081/nexus/repository/build.milestones.npm/koa-redis/-/koa-redis-4.0.1.tgz",
      "integrity": "sha512-o2eTVNo1NBnloeUGhHed5Q2ZvJSLpUEj/+E1/7oH5EmH8WuQ+QLdl/VawkshxdFQ47W1p6V09lM3hCTu7D0YnQ==",
      "requires": {
        "@babel/runtime": "^7.8.3",
        "co-wrap-all": "^1.0.0",
        "debug": "^4.1.1",
        "ioredis": "^4.14.1"
      }
    },
    "koa-router": {
      "version": "10.0.0",
      "resolved": "https://registry.npm.taobao.org/koa-router/download/koa-router-10.0.0.tgz",
      "integrity": "sha1-e8dqAxCFcx5h/JLBaDaHsvRN5qQ=",
      "requires": {
        "debug": "^4.1.1",
        "http-errors": "^1.7.3",
        "koa-compose": "^4.1.0",
        "methods": "^1.1.2",
        "path-to-regexp": "^6.1.0"
      },
      "dependencies": {
        "debug": {
          "version": "4.3.1",
          "resolved": "https://registry.npm.taobao.org/debug/download/debug-4.3.1.tgz?cache=0&sync_timestamp=1607566580543&other_urls=https%3A%2F%2Fregistry.npm.taobao.org%2Fdebug%2Fdownload%2Fdebug-4.3.1.tgz",
          "integrity": "sha1-8NIpxQXgxtjEmsVT0bE9wYP2su4=",
          "requires": {
            "ms": "2.1.2"
          }
        },
        "ms": {
          "version": "2.1.2",
          "resolved": "https://registry.npm.taobao.org/ms/download/ms-2.1.2.tgz?cache=0&sync_timestamp=1607433905701&other_urls=https%3A%2F%2Fregistry.npm.taobao.org%2Fms%2Fdownload%2Fms-2.1.2.tgz",
          "integrity": "sha1-0J0fNXtEP0kzgqjrPM0YOHKuYAk="
        }
      }
    },
    "koa-session": {
      "version": "6.1.0",
      "resolved": "http://nexus.wdf.sap.corp:8081/nexus/repository/build.milestones.npm/koa-session/-/koa-session-6.1.0.tgz",
      "integrity": "sha512-xhMrpJxscg14rtMnVe5tCgORkhvH3ZmLFxT6XE5HP1ccoSNL2G2t4L/deJNvE+6SKyY0Zm0fXejNW7rOVKQKzA==",
      "requires": {
        "crc": "^3.4.4",
        "debug": "^3.1.0",
        "is-type-of": "^1.0.0",
        "uuid": "^3.3.2"
      },
      "dependencies": {
        "debug": {
          "version": "3.2.7",
          "resolved": "http://nexus.wdf.sap.corp:8081/nexus/repository/build.milestones.npm/debug/-/debug-3.2.7.tgz",
          "integrity": "sha512-CFjzYYAi4ThfiQvizrFQevTTXHtnCqWfe7x1AhgEscTz6ZbLbfoLRLPugTQyBth6f8ZERVUSyWHFD/7Wu4t1XQ==",
          "requires": {
            "ms": "^2.1.1"
          }
        }
      }
    },
    "lodash.defaults": {
      "version": "4.2.0",
      "resolved": "http://nexus.wdf.sap.corp:8081/nexus/repository/build.milestones.npm/lodash.defaults/-/lodash.defaults-4.2.0.tgz",
      "integrity": "sha1-0JF4cW/+pN3p5ft7N/bwgCJ0WAw="
    },
    "lodash.flatten": {
      "version": "4.4.0",
      "resolved": "http://nexus.wdf.sap.corp:8081/nexus/repository/build.milestones.npm/lodash.flatten/-/lodash.flatten-4.4.0.tgz",
      "integrity": "sha1-8xwiIlqWMtK7+OSt2+8kCqdlph8="
    },
    "make-error": {
      "version": "1.3.6",
      "resolved": "https://registry.npm.taobao.org/make-error/download/make-error-1.3.6.tgz",
      "integrity": "sha1-LrLjfqm2fEiR9oShOUeZr0hM96I=",
      "dev": true
    },
    "media-typer": {
      "version": "0.3.0",
      "resolved": "https://registry.npm.taobao.org/media-typer/download/media-typer-0.3.0.tgz",
      "integrity": "sha1-hxDXrwqmJvj/+hzgAWhUUmMlV0g="
    },
    "methods": {
      "version": "1.1.2",
      "resolved": "https://registry.npm.taobao.org/methods/download/methods-1.1.2.tgz",
      "integrity": "sha1-VSmk1nZUE07cxSZmVoNbD4Ua/O4="
    },
    "mime-db": {
      "version": "1.44.0",
      "resolved": "https://registry.npm.taobao.org/mime-db/download/mime-db-1.44.0.tgz?cache=0&sync_timestamp=1600831175828&other_urls=https%3A%2F%2Fregistry.npm.taobao.org%2Fmime-db%2Fdownload%2Fmime-db-1.44.0.tgz",
      "integrity": "sha1-+hHF6wrKEzS0Izy01S8QxaYnL5I="
    },
    "mime-types": {
      "version": "2.1.27",
      "resolved": "https://registry.npm.taobao.org/mime-types/download/mime-types-2.1.27.tgz?cache=0&sync_timestamp=1606706851425&other_urls=https%3A%2F%2Fregistry.npm.taobao.org%2Fmime-types%2Fdownload%2Fmime-types-2.1.27.tgz",
      "integrity": "sha1-R5SfmOJ56lMRn1ci4PNOUpvsAJ8=",
      "requires": {
        "mime-db": "1.44.0"
      }
    },
    "ms": {
      "version": "2.1.2",
      "resolved": "http://nexus.wdf.sap.corp:8081/nexus/repository/build.milestones.npm/ms/-/ms-2.1.2.tgz",
      "integrity": "sha512-sGkPx+VjMtmA6MX27oA4FBFELFCZZ4S4XqeGOXCv68tT+jb3vk/RyaKWP0PTKyWtmLSM0b+adUTEvbs1PEaH2w=="
    },
    "negotiator": {
      "version": "0.6.2",
      "resolved": "https://registry.npm.taobao.org/negotiator/download/negotiator-0.6.2.tgz",
      "integrity": "sha1-/qz3zPUlp3rpY0Q2pkiD/+yjRvs="
    },
    "on-finished": {
      "version": "2.3.0",
      "resolved": "https://registry.npm.taobao.org/on-finished/download/on-finished-2.3.0.tgz",
      "integrity": "sha1-IPEzZIGwg811M3mSoWlxqi2QaUc=",
      "requires": {
        "ee-first": "1.1.1"
      }
    },
    "only": {
      "version": "0.0.2",
      "resolved": "https://registry.npm.taobao.org/only/download/only-0.0.2.tgz",
      "integrity": "sha1-Kv3oTQPlC5qO3EROMGEKcCle37Q="
    },
    "p-map": {
      "version": "2.1.0",
      "resolved": "http://nexus.wdf.sap.corp:8081/nexus/repository/build.milestones.npm/p-map/-/p-map-2.1.0.tgz",
      "integrity": "sha512-y3b8Kpd8OAN444hxfBbFfj1FY/RjtTd8tzYwhUqNYXx0fXx2iX4maP4Qr6qhIKbQXI02wTLAda4fYUbDagTUFw=="
    },
    "parseurl": {
      "version": "1.3.3",
      "resolved": "https://registry.npm.taobao.org/parseurl/download/parseurl-1.3.3.tgz",
      "integrity": "sha1-naGee+6NEt/wUT7Vt2lXeTvC6NQ="
    },
    "path-to-regexp": {
      "version": "6.2.0",
      "resolved": "https://registry.npm.taobao.org/path-to-regexp/download/path-to-regexp-6.2.0.tgz",
      "integrity": "sha1-97OAMzYQTDRoia3s5hRmkjBkXzg="
    },
    "redis-commands": {
      "version": "1.6.0",
      "resolved": "http://nexus.wdf.sap.corp:8081/nexus/repository/build.milestones.npm/redis-commands/-/redis-commands-1.6.0.tgz",
      "integrity": "sha512-2jnZ0IkjZxvguITjFTrGiLyzQZcTvaw8DAaCXxZq/dsHXz7KfMQ3OUJy7Tz9vnRtZRVz6VRCPDvruvU8Ts44wQ=="
    },
    "redis-errors": {
      "version": "1.2.0",
      "resolved": "http://nexus.wdf.sap.corp:8081/nexus/repository/build.milestones.npm/redis-errors/-/redis-errors-1.2.0.tgz",
      "integrity": "sha1-62LSrbFeTq9GEMBK/hUpOEJQq60="
    },
    "redis-parser": {
      "version": "3.0.0",
      "resolved": "http://nexus.wdf.sap.corp:8081/nexus/repository/build.milestones.npm/redis-parser/-/redis-parser-3.0.0.tgz",
      "integrity": "sha1-tm2CjNyv5rS4pCin3vTGvKwxyLQ=",
      "requires": {
        "redis-errors": "^1.0.0"
      }
    },
    "regenerator-runtime": {
      "version": "0.13.7",
      "resolved": "http://nexus.wdf.sap.corp:8081/nexus/repository/build.milestones.npm/regenerator-runtime/-/regenerator-runtime-0.13.7.tgz",
      "integrity": "sha512-a54FxoJDIr27pgf7IgeQGxmqUNYrcV338lf/6gH456HZ/PhX+5BcwHXG9ajESmwe6WRO0tAzRUrRmNONWgkrew=="
    },
    "safe-buffer": {
      "version": "5.1.2",
      "resolved": "https://registry.npm.taobao.org/safe-buffer/download/safe-buffer-5.1.2.tgz",
      "integrity": "sha1-mR7GnSluAxN0fVm9/St0XDX4go0="
    },
    "semver": {
      "version": "5.7.1",
      "resolved": "http://nexus.wdf.sap.corp:8081/nexus/repository/build.milestones.npm/semver/-/semver-5.7.1.tgz",
      "integrity": "sha512-sauaDf/PZdVgrLTNYHRtpXa1iRiKcaebiKQ1BJdpQlWH2lCvexQdX55snPFyK7QzpudqbCI0qXFfOasHdyNDGQ=="
    },
    "setprototypeof": {
      "version": "1.1.1",
      "resolved": "https://registry.npm.taobao.org/setprototypeof/download/setprototypeof-1.1.1.tgz",
      "integrity": "sha1-fpWsskqpL1iF4KvvW6ExMw1K5oM="
    },
    "shimmer": {
      "version": "1.2.1",
      "resolved": "http://nexus.wdf.sap.corp:8081/nexus/repository/build.milestones.npm/shimmer/-/shimmer-1.2.1.tgz",
      "integrity": "sha512-sQTKC1Re/rM6XyFM6fIAGHRPVGvyXfgzIDvzoq608vM+jeyVD0Tu1E6Np0Kc2zAIFWIj963V2800iF/9LPieQw=="
    },
    "simple-oauth2": {
      "version": "4.2.0",
      "resolved": "http://nexus.wdf.sap.corp:8081/nexus/repository/build.milestones.npm/simple-oauth2/-/simple-oauth2-4.2.0.tgz",
      "integrity": "sha512-AV62tGdq9JfLd/uveKpeNtQl+VVm89a35QKlwGuvisYIjCoz2ZmTGRGuSIGiYr+QUhSKJ5kYN1jq2BBa/ac/GQ==",
      "requires": {
        "@hapi/hoek": "^9.0.4",
        "@hapi/wreck": "^17.0.0",
        "debug": "^4.1.1",
        "joi": "^17.3.0"
      },
      "dependencies": {
        "debug": {
          "version": "4.3.1",
          "resolved": "http://nexus.wdf.sap.corp:8081/nexus/repository/build.milestones.npm/debug/-/debug-4.3.1.tgz",
          "integrity": "sha512-doEwdvm4PCeK4K3RQN2ZC2BYUBaxwLARCqZmMjtF8a51J2Rb0xpVloFRnCODwqjpwnAoao4pelN8l3RJdv3gRQ==",
          "requires": {
            "ms": "2.1.2"
          }
        },
        "ms": {
          "version": "2.1.2",
          "resolved": "http://nexus.wdf.sap.corp:8081/nexus/repository/build.milestones.npm/ms/-/ms-2.1.2.tgz",
          "integrity": "sha512-sGkPx+VjMtmA6MX27oA4FBFELFCZZ4S4XqeGOXCv68tT+jb3vk/RyaKWP0PTKyWtmLSM0b+adUTEvbs1PEaH2w=="
        }
      }
    },
    "source-map": {
      "version": "0.6.1",
      "resolved": "https://registry.npm.taobao.org/source-map/download/source-map-0.6.1.tgz",
      "integrity": "sha1-dHIq8y6WFOnCh6jQu95IteLxomM=",
      "dev": true
    },
    "source-map-support": {
      "version": "0.5.19",
      "resolved": "https://registry.npm.taobao.org/source-map-support/download/source-map-support-0.5.19.tgz?cache=0&other_urls=https%3A%2F%2Fregistry.npm.taobao.org%2Fsource-map-support%2Fdownload%2Fsource-map-support-0.5.19.tgz",
      "integrity": "sha1-qYti+G3K9PZzmWSMCFKRq56P7WE=",
      "dev": true,
      "requires": {
        "buffer-from": "^1.0.0",
        "source-map": "^0.6.0"
      }
    },
    "stack-chain": {
      "version": "1.3.7",
      "resolved": "http://nexus.wdf.sap.corp:8081/nexus/repository/build.milestones.npm/stack-chain/-/stack-chain-1.3.7.tgz",
      "integrity": "sha1-0ZLJ/06moiyUxN1FkXHj8AzqEoU="
    },
    "standard-as-callback": {
      "version": "2.0.1",
      "resolved": "http://nexus.wdf.sap.corp:8081/nexus/repository/build.milestones.npm/standard-as-callback/-/standard-as-callback-2.0.1.tgz",
      "integrity": "sha512-NQOxSeB8gOI5WjSaxjBgog2QFw55FV8TkS6Y07BiB3VJ8xNTvUYm0wl0s8ObgQ5NhdpnNfigMIKjgPESzgr4tg=="
    },
    "statuses": {
      "version": "1.5.0",
      "resolved": "https://registry.npm.taobao.org/statuses/download/statuses-1.5.0.tgz",
      "integrity": "sha1-Fhx9rBd2Wf2YEfQ3cfqZOBR4Yow="
    },
    "toidentifier": {
      "version": "1.0.0",
      "resolved": "https://registry.npm.taobao.org/toidentifier/download/toidentifier-1.0.0.tgz",
      "integrity": "sha1-fhvjRw8ed5SLxD2Uo8j013UrpVM="
    },
    "ts-node": {
      "version": "9.1.1",
      "resolved": "https://registry.npm.taobao.org/ts-node/download/ts-node-9.1.1.tgz?cache=0&sync_timestamp=1607350615574&other_urls=https%3A%2F%2Fregistry.npm.taobao.org%2Fts-node%2Fdownload%2Fts-node-9.1.1.tgz",
      "integrity": "sha1-UamkUKPpWUAb2l8ASnLVS5NtN20=",
      "dev": true,
      "requires": {
        "arg": "^4.1.0",
        "create-require": "^1.1.0",
        "diff": "^4.0.1",
        "make-error": "^1.1.1",
        "source-map-support": "^0.5.17",
        "yn": "3.1.1"
      }
    },
    "tsscmp": {
      "version": "1.0.6",
      "resolved": "https://registry.npm.taobao.org/tsscmp/download/tsscmp-1.0.6.tgz",
      "integrity": "sha1-hbmVg6w1iexL/vgltQAKqRHWBes="
    },
    "type-is": {
      "version": "1.6.18",
      "resolved": "https://registry.npm.taobao.org/type-is/download/type-is-1.6.18.tgz",
      "integrity": "sha1-TlUs0F3wlGfcvE73Od6J8s83wTE=",
      "requires": {
        "media-typer": "0.3.0",
        "mime-types": "~2.1.24"
      }
    },
    "typescript": {
      "version": "4.1.3",
      "resolved": "https://registry.npm.taobao.org/typescript/download/typescript-4.1.3.tgz?cache=0&sync_timestamp=1607914333595&other_urls=https%3A%2F%2Fregistry.npm.taobao.org%2Ftypescript%2Fdownload%2Ftypescript-4.1.3.tgz",
      "integrity": "sha1-UZ1YK9lMugz4k0x9joRn5HP1O7c=",
      "dev": true
    },
    "uuid": {
      "version": "3.4.0",
      "resolved": "http://nexus.wdf.sap.corp:8081/nexus/repository/build.milestones.npm/uuid/-/uuid-3.4.0.tgz",
      "integrity": "sha512-HjSDRw6gZE5JMggctHBcjVak08+KEVhSIiDzFnT9S9aegmp85S/bReBVTb4QTFaRNptJ9kuYaNhnbNEOkbKb/A=="
    },
    "vary": {
      "version": "1.1.2",
      "resolved": "https://registry.npm.taobao.org/vary/download/vary-1.1.2.tgz",
      "integrity": "sha1-IpnwLG3tMNSllhsLn3RSShj2NPw="
    },
    "ylru": {
      "version": "1.2.1",
      "resolved": "https://registry.npm.taobao.org/ylru/download/ylru-1.2.1.tgz",
      "integrity": "sha1-9Xa2M0FUeYnB3nuiiHYJI7J/6E8="
    },
    "yn": {
      "version": "3.1.1",
      "resolved": "https://registry.npm.taobao.org/yn/download/yn-3.1.1.tgz",
      "integrity": "sha1-HodAGgnXZ8HV6rJqbkwYUYLS61A=",
      "dev": true
    }
  }
}
